
Microsoft Visual Studio Solution File, Format Version 12.00
# Visual Studio 15
VisualStudioVersion = 15.0.28307.136
MinimumVisualStudioVersion = 10.0.40219.1
Project("{FAE04EC0-301F-11D3-BF4B-00C04F79EFBC}") = "HMI", "HMI\HMI.csproj", "{59E0C56F-29D2-4F37-A2F5-F27EDAB7CDD1}"
EndProject
Global
	GlobalSection(SolutionConfigurationPlatforms) = preSolution
		Debug|Any CPU = Debug|Any CPU
		Release|Any CPU = Release|Any CPU
	EndGlobalSection
	GlobalSection(ProjectConfigurationPlatforms) = postSolution
		{59E0C56F-29D2-4F37-A2F5-F27EDAB7CDD1}.Debug|Any CPU.ActiveCfg = Debug|Any CPU
		{59E0C56F-29D2-4F37-A2F5-F27EDAB7CDD1}.Debug|Any CPU.Build.0 = Debug|Any CPU
		{59E0C56F-29D2-4F37-A2F5-F27EDAB7CDD1}.Release|Any CPU.ActiveCfg = Release|Any CPU
		{59E0C56F-29D2-4F37-A2F5-F27EDAB7CDD1}.Release|Any CPU.Build.0 = Release|Any CPU
	EndGlobalSection
	GlobalSection(SolutionProperties) = preSolution
		HideSolutionNode = FALSE
	EndGlobalSection
	GlobalSection(ExtensibilityGlobals) = postSolution
		SolutionGuid = {FCB4F647-4CE5-4D06-9B48-657C4ECCEB44}
	EndGlobalSection
EndGlobal
